
Microsoft Visual Studio Solution File, Format Version 12.00
# Visual Studio Version 17
VisualStudioVersion = 17.8.34601.278
MinimumVisualStudioVersion = 10.0.40219.1
Project("{9A19103F-16F7-4668-BE54-9A1E7A4F7556}") = "OnionArchitecture.Console", "OnionArchitecture.Console\OnionArchitecture.Console.csproj", "{FCC7CFE6-7C50-46EB-AEFA-C09380C28A0C}"
EndProject
Project("{9A19103F-16F7-4668-BE54-9A1E7A4F7556}") = "OnionArchitecture.Core", "OnionArchitecture.Core\OnionArchitecture.Core.csproj", "{2AE0E8F6-573F-4A89-8061-5AD37A1D4660}"
EndProject
Project("{9A19103F-16F7-4668-BE54-9A1E7A4F7556}") = "OnionArchitecture.Database", "OnionArchitecture.Database\OnionArchitecture.Database.csproj", "{0551EE23-C66C-4C64-B1A0-C18B5ACE47B1}"
EndProject
Project("{9A19103F-16F7-4668-BE54-9A1E7A4F7556}") = "OnionArchitecture.Services", "OnionArchitecture.Services\OnionArchitecture.Services.csproj", "{577CD9C5-CF2A-4B5B-9D5F-24F7BB0D57CB}"
EndProject
Project("{9A19103F-16F7-4668-BE54-9A1E7A4F7556}") = "OnionArchitecture.DependencyResolution", "OnionArchitecture.DependencyResolution\OnionArchitecture.DependencyResolution.csproj", "{6751CB76-F164-40D7-81B4-06154367704D}"
EndProject
Project("{2150E333-8FDC-42A3-9474-1A3956D46DE8}") = "Presentation", "Presentation", "{0FF30F15-27A6-497B-8BC2-5CD42EED01AC}"
EndProject
Project("{2150E333-8FDC-42A3-9474-1A3956D46DE8}") = "Infrastructure", "Infrastructure", "{ADE1F487-1252-419B-9117-32B1E2852B5B}"
EndProject
Project("{2150E333-8FDC-42A3-9474-1A3956D46DE8}") = "ApplicationCore", "ApplicationCore", "{287F9E7E-D576-456F-9F95-21EB7838BDAC}"
EndProject
Project("{FAE04EC0-301F-11D3-BF4B-00C04F79EFBC}") = "OnionArchitecture.Api", "OnionArchitecture.Api\OnionArchitecture.Api.csproj", "{8CF0F473-84BC-48F0-957D-D94976C3DDB4}"
EndProject
Global
	GlobalSection(SolutionConfigurationPlatforms) = preSolution
		Debug|Any CPU = Debug|Any CPU
		Release|Any CPU = Release|Any CPU
	EndGlobalSection
	GlobalSection(ProjectConfigurationPlatforms) = postSolution
		{FCC7CFE6-7C50-46EB-AEFA-C09380C28A0C}.Debug|Any CPU.ActiveCfg = Debug|Any CPU
		{FCC7CFE6-7C50-46EB-AEFA-C09380C28A0C}.Debug|Any CPU.Build.0 = Debug|Any CPU
		{FCC7CFE6-7C50-46EB-AEFA-C09380C28A0C}.Release|Any CPU.ActiveCfg = Release|Any CPU
		{FCC7CFE6-7C50-46EB-AEFA-C09380C28A0C}.Release|Any CPU.Build.0 = Release|Any CPU
		{2AE0E8F6-573F-4A89-8061-5AD37A1D4660}.Debug|Any CPU.ActiveCfg = Debug|Any CPU
		{2AE0E8F6-573F-4A89-8061-5AD37A1D4660}.Debug|Any CPU.Build.0 = Debug|Any CPU
		{2AE0E8F6-573F-4A89-8061-5AD37A1D4660}.Release|Any CPU.ActiveCfg = Release|Any CPU
		{2AE0E8F6-573F-4A89-8061-5AD37A1D4660}.Release|Any CPU.Build.0 = Release|Any CPU
		{0551EE23-C66C-4C64-B1A0-C18B5ACE47B1}.Debug|Any CPU.ActiveCfg = Debug|Any CPU
		{0551EE23-C66C-4C64-B1A0-C18B5ACE47B1}.Debug|Any CPU.Build.0 = Debug|Any CPU
		{0551EE23-C66C-4C64-B1A0-C18B5ACE47B1}.Release|Any CPU.ActiveCfg = Release|Any CPU
		{0551EE23-C66C-4C64-B1A0-C18B5ACE47B1}.Release|Any CPU.Build.0 = Release|Any CPU
		{577CD9C5-CF2A-4B5B-9D5F-24F7BB0D57CB}.Debug|Any CPU.ActiveCfg = Debug|Any CPU
		{577CD9C5-CF2A-4B5B-9D5F-24F7BB0D57CB}.Debug|Any CPU.Build.0 = Debug|Any CPU
		{577CD9C5-CF2A-4B5B-9D5F-24F7BB0D57CB}.Release|Any CPU.ActiveCfg = Release|Any CPU
		{577CD9C5-CF2A-4B5B-9D5F-24F7BB0D57CB}.Release|Any CPU.Build.0 = Release|Any CPU
		{6751CB76-F164-40D7-81B4-06154367704D}.Debug|Any CPU.ActiveCfg = Debug|Any CPU
		{6751CB76-F164-40D7-81B4-06154367704D}.Debug|Any CPU.Build.0 = Debug|Any CPU
		{6751CB76-F164-40D7-81B4-06154367704D}.Release|Any CPU.ActiveCfg = Release|Any CPU
		{6751CB76-F164-40D7-81B4-06154367704D}.Release|Any CPU.Build.0 = Release|Any CPU
		{8CF0F473-84BC-48F0-957D-D94976C3DDB4}.Debug|Any CPU.ActiveCfg = Debug|Any CPU
		{8CF0F473-84BC-48F0-957D-D94976C3DDB4}.Debug|Any CPU.Build.0 = Debug|Any CPU
		{8CF0F473-84BC-48F0-957D-D94976C3DDB4}.Release|Any CPU.ActiveCfg = Release|Any CPU
		{8CF0F473-84BC-48F0-957D-D94976C3DDB4}.Release|Any CPU.Build.0 = Release|Any CPU
	EndGlobalSection
	GlobalSection(SolutionProperties) = preSolution
		HideSolutionNode = FALSE
	EndGlobalSection
	GlobalSection(NestedProjects) = preSolution
		{FCC7CFE6-7C50-46EB-AEFA-C09380C28A0C} = {0FF30F15-27A6-497B-8BC2-5CD42EED01AC}
		{2AE0E8F6-573F-4A89-8061-5AD37A1D4660} = {287F9E7E-D576-456F-9F95-21EB7838BDAC}
		{0551EE23-C66C-4C64-B1A0-C18B5ACE47B1} = {ADE1F487-1252-419B-9117-32B1E2852B5B}
		{577CD9C5-CF2A-4B5B-9D5F-24F7BB0D57CB} = {287F9E7E-D576-456F-9F95-21EB7838BDAC}
		{8CF0F473-84BC-48F0-957D-D94976C3DDB4} = {0FF30F15-27A6-497B-8BC2-5CD42EED01AC}
	EndGlobalSection
	GlobalSection(ExtensibilityGlobals) = postSolution
		SolutionGuid = {CE795A4A-52B3-46BA-86AD-2999764F5992}
	EndGlobalSection
EndGlobal
